
Microsoft Visual Studio Solution File, Format Version 12.00
# Visual Studio Version 17
VisualStudioVersion = 17.5.33516.290
MinimumVisualStudioVersion = 10.0.40219.1
Project("{FAE04EC0-301F-11D3-BF4B-00C04F79EFBC}") = "Conflict_Web", "Conflict_Web\Conflict_Web.csproj", "{A14CE6D0-EF02-41B3-ADA1-C3ED6A49D0E3}"
EndProject
Global
	GlobalSection(SolutionConfigurationPlatforms) = preSolution
		Debug|Any CPU = Debug|Any CPU
		Release|Any CPU = Release|Any CPU
	EndGlobalSection
	GlobalSection(ProjectConfigurationPlatforms) = postSolution
		{A14CE6D0-EF02-41B3-ADA1-C3ED6A49D0E3}.Debug|Any CPU.ActiveCfg = Debug|Any CPU
		{A14CE6D0-EF02-41B3-ADA1-C3ED6A49D0E3}.Debug|Any CPU.Build.0 = Debug|Any CPU
		{A14CE6D0-EF02-41B3-ADA1-C3ED6A49D0E3}.Release|Any CPU.ActiveCfg = Release|Any CPU
		{A14CE6D0-EF02-41B3-ADA1-C3ED6A49D0E3}.Release|Any CPU.Build.0 = Release|Any CPU
	EndGlobalSection
	GlobalSection(SolutionProperties) = preSolution
		HideSolutionNode = FALSE
	EndGlobalSection
	GlobalSection(ExtensibilityGlobals) = postSolution
		SolutionGuid = {B84A823B-58EF-4C09-9804-452B9A76B3A5}
	EndGlobalSection
EndGlobal
